// !$*UTF8*$!
{
	archiveVersion = 1;
	classes = {
	};
	objectVersion = 52;
	objects = {

/* Begin PBXBuildFile section */
		B745D368269A664C008A073D /* ReceptionView.swift in Sources */ = {isa = PBXBuildFile; fileRef = B745D367269A664C008A073D /* ReceptionView.swift */; };
		B745D36A269B2F45008A073D /* SettingView.swift in Sources */ = {isa = PBXBuildFile; fileRef = B745D369269B2F45008A073D /* SettingView.swift */; };
		B781336326B23E3200689A50 /* FontExtension.swift in Sources */ = {isa = PBXBuildFile; fileRef = B781336226B23E3200689A50 /* FontExtension.swift */; };
		B78EB0152690D2E300E839A4 /* receptionAppApp.swift in Sources */ = {isa = PBXBuildFile; fileRef = B78EB0142690D2E300E839A4 /* receptionAppApp.swift */; };
		B78EB0172690D2E300E839A4 /* ContentView.swift in Sources */ = {isa = PBXBuildFile; fileRef = B78EB0162690D2E300E839A4 /* ContentView.swift */; };
		B78EB0192690D2E500E839A4 /* Assets.xcassets in Resources */ = {isa = PBXBuildFile; fileRef = B78EB0182690D2E500E839A4 /* Assets.xcassets */; };
		B78EB01C2690D2E500E839A4 /* Preview Assets.xcassets in Resources */ = {isa = PBXBuildFile; fileRef = B78EB01B2690D2E500E839A4 /* Preview Assets.xcassets */; };
		B78EB0272690D2E600E839A4 /* receptionAppTests.swift in Sources */ = {isa = PBXBuildFile; fileRef = B78EB0262690D2E600E839A4 /* receptionAppTests.swift */; };
		B78EB0322690D2E600E839A4 /* receptionAppUITests.swift in Sources */ = {isa = PBXBuildFile; fileRef = B78EB0312690D2E600E839A4 /* receptionAppUITests.swift */; };
		B78EB0442690DCA600E839A4 /* ColorExtension.swift in Sources */ = {isa = PBXBuildFile; fileRef = B78EB0432690DCA600E839A4 /* ColorExtension.swift */; };
		B78EB04926924F9E00E839A4 /* APIKit in Frameworks */ = {isa = PBXBuildFile; productRef = B78EB04826924F9E00E839A4 /* APIKit */; };
		B78EB04C269257AB00E839A4 /* APIError.swift in Sources */ = {isa = PBXBuildFile; fileRef = B78EB04B269257AB00E839A4 /* APIError.swift */; };
		B78EB04E2692585600E839A4 /* APIErrorResponse.swift in Sources */ = {isa = PBXBuildFile; fileRef = B78EB04D2692585600E839A4 /* APIErrorResponse.swift */; };
/* End PBXBuildFile section */

/* Begin PBXContainerItemProxy section */
		B78EB0232690D2E600E839A4 /* PBXContainerItemProxy */ = {
			isa = PBXContainerItemProxy;
			containerPortal = B78EB0092690D2E200E839A4 /* Project object */;
			proxyType = 1;
			remoteGlobalIDString = B78EB0102690D2E300E839A4;
			remoteInfo = entranceApp;
		};
		B78EB02E2690D2E600E839A4 /* PBXContainerItemProxy */ = {
			isa = PBXContainerItemProxy;
			containerPortal = B78EB0092690D2E200E839A4 /* Project object */;
			proxyType = 1;
			remoteGlobalIDString = B78EB0102690D2E300E839A4;
			remoteInfo = entranceApp;
		};
/* End PBXContainerItemProxy section */

/* Begin PBXFileReference section */
		B745D367269A664C008A073D /* ReceptionView.swift */ = {isa = PBXFileReference; lastKnownFileType = sourcecode.swift; path = ReceptionView.swift; sourceTree = "<group>"; };
		B745D369269B2F45008A073D /* SettingView.swift */ = {isa = PBXFileReference; lastKnownFileType = sourcecode.swift; path = SettingView.swift; sourceTree = "<group>"; };
		B781336226B23E3200689A50 /* FontExtension.swift */ = {isa = PBXFileReference; lastKnownFileType = sourcecode.swift; path = FontExtension.swift; sourceTree = "<group>"; };
		B78EB0112690D2E300E839A4 /* receptionApp.app */ = {isa = PBXFileReference; explicitFileType = wrapper.application; includeInIndex = 0; path = receptionApp.app; sourceTree = BUILT_PRODUCTS_DIR; };
		B78EB0142690D2E300E839A4 /* receptionAppApp.swift */ = {isa = PBXFileReference; lastKnownFileType = sourcecode.swift; path = receptionAppApp.swift; sourceTree = "<group>"; };
		B78EB0162690D2E300E839A4 /* ContentView.swift */ = {isa = PBXFileReference; lastKnownFileType = sourcecode.swift; path = ContentView.swift; sourceTree = "<group>"; };
		B78EB0182690D2E500E839A4 /* Assets.xcassets */ = {isa = PBXFileReference; lastKnownFileType = folder.assetcatalog; path = Assets.xcassets; sourceTree = "<group>"; };
		B78EB01B2690D2E500E839A4 /* Preview Assets.xcassets */ = {isa = PBXFileReference; lastKnownFileType = folder.assetcatalog; path = "Preview Assets.xcassets"; sourceTree = "<group>"; };
		B78EB01D2690D2E500E839A4 /* Info.plist */ = {isa = PBXFileReference; lastKnownFileType = text.plist.xml; path = Info.plist; sourceTree = "<group>"; };
		B78EB0222690D2E600E839A4 /* receptionAppTests.xctest */ = {isa = PBXFileReference; explicitFileType = wrapper.cfbundle; includeInIndex = 0; path = receptionAppTests.xctest; sourceTree = BUILT_PRODUCTS_DIR; };
		B78EB0262690D2E600E839A4 /* receptionAppTests.swift */ = {isa = PBXFileReference; lastKnownFileType = sourcecode.swift; path = receptionAppTests.swift; sourceTree = "<group>"; };
		B78EB0282690D2E600E839A4 /* Info.plist */ = {isa = PBXFileReference; lastKnownFileType = text.plist.xml; path = Info.plist; sourceTree = "<group>"; };
		B78EB02D2690D2E600E839A4 /* receptionAppUITests.xctest */ = {isa = PBXFileReference; explicitFileType = wrapper.cfbundle; includeInIndex = 0; path = receptionAppUITests.xctest; sourceTree = BUILT_PRODUCTS_DIR; };
		B78EB0312690D2E600E839A4 /* receptionAppUITests.swift */ = {isa = PBXFileReference; lastKnownFileType = sourcecode.swift; path = receptionAppUITests.swift; sourceTree = "<group>"; };
		B78EB0332690D2E600E839A4 /* Info.plist */ = {isa = PBXFileReference; lastKnownFileType = text.plist.xml; path = Info.plist; sourceTree = "<group>"; };
		B78EB0432690DCA600E839A4 /* ColorExtension.swift */ = {isa = PBXFileReference; lastKnownFileType = sourcecode.swift; path = ColorExtension.swift; sourceTree = "<group>"; };
		B78EB04B269257AB00E839A4 /* APIError.swift */ = {isa = PBXFileReference; lastKnownFileType = sourcecode.swift; path = APIError.swift; sourceTree = "<group>"; };
		B78EB04D2692585600E839A4 /* APIErrorResponse.swift */ = {isa = PBXFileReference; lastKnownFileType = sourcecode.swift; path = APIErrorResponse.swift; sourceTree = "<group>"; };
/* End PBXFileReference section */

/* Begin PBXFrameworksBuildPhase section */
		B78EB00E2690D2E300E839A4 /* Frameworks */ = {
			isa = PBXFrameworksBuildPhase;
			buildActionMask = 2147483647;
			files = (
				B78EB04926924F9E00E839A4 /* APIKit in Frameworks */,
			);
			runOnlyForDeploymentPostprocessing = 0;
		};
		B78EB01F2690D2E600E839A4 /* Frameworks */ = {
			isa = PBXFrameworksBuildPhase;
			buildActionMask = 2147483647;
			files = (
			);
			runOnlyForDeploymentPostprocessing = 0;
		};
		B78EB02A2690D2E600E839A4 /* Frameworks */ = {
			isa = PBXFrameworksBuildPhase;
			buildActionMask = 2147483647;
			files = (
			);
			runOnlyForDeploymentPostprocessing = 0;
		};
/* End PBXFrameworksBuildPhase section */

/* Begin PBXGroup section */
		B78EB0082690D2E200E839A4 = {
			isa = PBXGroup;
			children = (
				B78EB0132690D2E300E839A4 /* receptionApp */,
				B78EB0252690D2E600E839A4 /* receptionAppTests */,
				B78EB0302690D2E600E839A4 /* receptionAppUITests */,
				B78EB0122690D2E300E839A4 /* Products */,
			);
			sourceTree = "<group>";
		};
		B78EB0122690D2E300E839A4 /* Products */ = {
			isa = PBXGroup;
			children = (
				B78EB0112690D2E300E839A4 /* receptionApp.app */,
				B78EB0222690D2E600E839A4 /* receptionAppTests.xctest */,
				B78EB02D2690D2E600E839A4 /* receptionAppUITests.xctest */,
			);
			name = Products;
			sourceTree = "<group>";
		};
		B78EB0132690D2E300E839A4 /* receptionApp */ = {
			isa = PBXGroup;
			children = (
				B78EB0462692471D00E839A4 /* Infrastracture */,
				B78EB0452692470D00E839A4 /* Domain */,
				B78EB0422690DC5F00E839A4 /* Extention */,
				B78EB0402690D83800E839A4 /* Views */,
				B78EB0412690D84B00E839A4 /* ViewModels */,
				B78EB0142690D2E300E839A4 /* receptionAppApp.swift */,
				B78EB0182690D2E500E839A4 /* Assets.xcassets */,
				B78EB01D2690D2E500E839A4 /* Info.plist */,
				B78EB01A2690D2E500E839A4 /* Preview Content */,
			);
			path = receptionApp;
			sourceTree = "<group>";
		};
		B78EB01A2690D2E500E839A4 /* Preview Content */ = {
			isa = PBXGroup;
			children = (
				B78EB01B2690D2E500E839A4 /* Preview Assets.xcassets */,
			);
			path = "Preview Content";
			sourceTree = "<group>";
		};
		B78EB0252690D2E600E839A4 /* receptionAppTests */ = {
			isa = PBXGroup;
			children = (
				B78EB0262690D2E600E839A4 /* receptionAppTests.swift */,
				B78EB0282690D2E600E839A4 /* Info.plist */,
			);
			path = receptionAppTests;
			sourceTree = "<group>";
		};
		B78EB0302690D2E600E839A4 /* receptionAppUITests */ = {
			isa = PBXGroup;
			children = (
				B78EB0312690D2E600E839A4 /* receptionAppUITests.swift */,
				B78EB0332690D2E600E839A4 /* Info.plist */,
			);
			path = receptionAppUITests;
			sourceTree = "<group>";
		};
		B78EB03F2690D82100E839A4 /* Models */ = {
			isa = PBXGroup;
			children = (
			);
			path = Models;
			sourceTree = "<group>";
		};
		B78EB0402690D83800E839A4 /* Views */ = {
			isa = PBXGroup;
			children = (
				B78EB0162690D2E300E839A4 /* ContentView.swift */,
				B745D367269A664C008A073D /* ReceptionView.swift */,
				B745D369269B2F45008A073D /* SettingView.swift */,
			);
			path = Views;
			sourceTree = "<group>";
		};
		B78EB0412690D84B00E839A4 /* ViewModels */ = {
			isa = PBXGroup;
			children = (
			);
			path = ViewModels;
			sourceTree = "<group>";
		};
		B78EB0422690DC5F00E839A4 /* Extention */ = {
			isa = PBXGroup;
			children = (
				B78EB0432690DCA600E839A4 /* ColorExtension.swift */,
				B781336226B23E3200689A50 /* FontExtension.swift */,
			);
			path = Extention;
			sourceTree = "<group>";
		};
		B78EB0452692470D00E839A4 /* Domain */ = {
			isa = PBXGroup;
			children = (
				B78EB03F2690D82100E839A4 /* Models */,
			);
			path = Domain;
			sourceTree = "<group>";
		};
		B78EB0462692471D00E839A4 /* Infrastracture */ = {
			isa = PBXGroup;
			children = (
				B78EB04A2692578E00E839A4 /* API */,
			);
			path = Infrastracture;
			sourceTree = "<group>";
		};
		B78EB04A2692578E00E839A4 /* API */ = {
			isa = PBXGroup;
			children = (
				B78EB04B269257AB00E839A4 /* APIError.swift */,
				B78EB04D2692585600E839A4 /* APIErrorResponse.swift */,
			);
			path = API;
			sourceTree = "<group>";
		};
/* End PBXGroup section */

/* Begin PBXNativeTarget section */
		B78EB0102690D2E300E839A4 /* receptionApp */ = {
			isa = PBXNativeTarget;
			buildConfigurationList = B78EB0362690D2E600E839A4 /* Build configuration list for PBXNativeTarget "receptionApp" */;
			buildPhases = (
				B78EB00D2690D2E300E839A4 /* Sources */,
				B78EB00E2690D2E300E839A4 /* Frameworks */,
				B78EB00F2690D2E300E839A4 /* Resources */,
			);
			buildRules = (
			);
			dependencies = (
			);
			name = receptionApp;
			packageProductDependencies = (
				B78EB04826924F9E00E839A4 /* APIKit */,
			);
			productName = entranceApp;
			productReference = B78EB0112690D2E300E839A4 /* receptionApp.app */;
			productType = "com.apple.product-type.application";
		};
		B78EB0212690D2E600E839A4 /* receptionAppTests */ = {
			isa = PBXNativeTarget;
			buildConfigurationList = B78EB0392690D2E600E839A4 /* Build configuration list for PBXNativeTarget "receptionAppTests" */;
			buildPhases = (
				B78EB01E2690D2E600E839A4 /* Sources */,
				B78EB01F2690D2E600E839A4 /* Frameworks */,
				B78EB0202690D2E600E839A4 /* Resources */,
			);
			buildRules = (
			);
			dependencies = (
				B78EB0242690D2E600E839A4 /* PBXTargetDependency */,
			);
			name = receptionAppTests;
			productName = entranceAppTests;
			productReference = B78EB0222690D2E600E839A4 /* receptionAppTests.xctest */;
			productType = "com.apple.product-type.bundle.unit-test";
		};
		B78EB02C2690D2E600E839A4 /* receptionAppUITests */ = {
			isa = PBXNativeTarget;
			buildConfigurationList = B78EB03C2690D2E600E839A4 /* Build configuration list for PBXNativeTarget "receptionAppUITests" */;
			buildPhases = (
				B78EB0292690D2E600E839A4 /* Sources */,
				B78EB02A2690D2E600E839A4 /* Frameworks */,
				B78EB02B2690D2E600E839A4 /* Resources */,
			);
			buildRules = (
			);
			dependencies = (
				B78EB02F2690D2E600E839A4 /* PBXTargetDependency */,
			);
			name = receptionAppUITests;
			productName = entranceAppUITests;
			productReference = B78EB02D2690D2E600E839A4 /* receptionAppUITests.xctest */;
			productType = "com.apple.product-type.bundle.ui-testing";
		};
/* End PBXNativeTarget section */

/* Begin PBXProject section */
		B78EB0092690D2E200E839A4 /* Project object */ = {
			isa = PBXProject;
			attributes = {
				LastSwiftUpdateCheck = 1250;
				LastUpgradeCheck = 1250;
				TargetAttributes = {
					B78EB0102690D2E300E839A4 = {
						CreatedOnToolsVersion = 12.5.1;
					};
					B78EB0212690D2E600E839A4 = {
						CreatedOnToolsVersion = 12.5.1;
						TestTargetID = B78EB0102690D2E300E839A4;
					};
					B78EB02C2690D2E600E839A4 = {
						CreatedOnToolsVersion = 12.5.1;
						TestTargetID = B78EB0102690D2E300E839A4;
					};
				};
			};
			buildConfigurationList = B78EB00C2690D2E200E839A4 /* Build configuration list for PBXProject "receptionApp" */;
			compatibilityVersion = "Xcode 9.3";
			developmentRegion = en;
			hasScannedForEncodings = 0;
			knownRegions = (
				en,
				Base,
			);
			mainGroup = B78EB0082690D2E200E839A4;
			packageReferences = (
				B78EB04726924F9E00E839A4 /* XCRemoteSwiftPackageReference "APIKit" */,
			);
			productRefGroup = B78EB0122690D2E300E839A4 /* Products */;
			projectDirPath = "";
			projectRoot = "";
			targets = (
				B78EB0102690D2E300E839A4 /* receptionApp */,
				B78EB0212690D2E600E839A4 /* receptionAppTests */,
				B78EB02C2690D2E600E839A4 /* receptionAppUITests */,
			);
		};
/* End PBXProject section */

/* Begin PBXResourcesBuildPhase section */
		B78EB00F2690D2E300E839A4 /* Resources */ = {
			isa = PBXResourcesBuildPhase;
			buildActionMask = 2147483647;
			files = (
				B78EB01C2690D2E500E839A4 /* Preview Assets.xcassets in Resources */,
				B78EB0192690D2E500E839A4 /* Assets.xcassets in Resources */,
			);
			runOnlyForDeploymentPostprocessing = 0;
		};
		B78EB0202690D2E600E839A4 /* Resources */ = {
			isa = PBXResourcesBuildPhase;
			buildActionMask = 2147483647;
			files = (
			);
			runOnlyForDeploymentPostprocessing = 0;
		};
		B78EB02B2690D2E600E839A4 /* Resources */ = {
			isa = PBXResourcesBuildPhase;
			buildActionMask = 2147483647;
			files = (
			);
			runOnlyForDeploymentPostprocessing = 0;
		};
/* End PBXResourcesBuildPhase section */

/* Begin PBXSourcesBuildPhase section */
		B78EB00D2690D2E300E839A4 /* Sources */ = {
			isa = PBXSourcesBuildPhase;
			buildActionMask = 2147483647;
			files = (
				B745D368269A664C008A073D /* ReceptionView.swift in Sources */,
				B78EB0442690DCA600E839A4 /* ColorExtension.swift in Sources */,
				B781336326B23E3200689A50 /* FontExtension.swift in Sources */,
				B78EB04C269257AB00E839A4 /* APIError.swift in Sources */,
				B745D36A269B2F45008A073D /* SettingView.swift in Sources */,
				B78EB0172690D2E300E839A4 /* ContentView.swift in Sources */,
				B78EB04E2692585600E839A4 /* APIErrorResponse.swift in Sources */,
				B78EB0152690D2E300E839A4 /* receptionAppApp.swift in Sources */,
			);
			runOnlyForDeploymentPostprocessing = 0;
		};
		B78EB01E2690D2E600E839A4 /* Sources */ = {
			isa = PBXSourcesBuildPhase;
			buildActionMask = 2147483647;
			files = (
				B78EB0272690D2E600E839A4 /* receptionAppTests.swift in Sources */,
			);
			runOnlyForDeploymentPostprocessing = 0;
		};
		B78EB0292690D2E600E839A4 /* Sources */ = {
			isa = PBXSourcesBuildPhase;
			buildActionMask = 2147483647;
			files = (
				B78EB0322690D2E600E839A4 /* receptionAppUITests.swift in Sources */,
			);
			runOnlyForDeploymentPostprocessing = 0;
		};
/* End PBXSourcesBuildPhase section */

/* Begin PBXTargetDependency section */
		B78EB0242690D2E600E839A4 /* PBXTargetDependency */ = {
			isa = PBXTargetDependency;
			target = B78EB0102690D2E300E839A4 /* receptionApp */;
			targetProxy = B78EB0232690D2E600E839A4 /* PBXContainerItemProxy */;
		};
		B78EB02F2690D2E600E839A4 /* PBXTargetDependency */ = {
			isa = PBXTargetDependency;
			target = B78EB0102690D2E300E839A4 /* receptionApp */;
			targetProxy = B78EB02E2690D2E600E839A4 /* PBXContainerItemProxy */;
		};
/* End PBXTargetDependency section */

/* Begin XCBuildConfiguration section */
		B78EB0342690D2E600E839A4 /* Debug */ = {
			isa = XCBuildConfiguration;
			buildSettings = {
				ALWAYS_SEARCH_USER_PATHS = NO;
				CLANG_ANALYZER_NONNULL = YES;
				CLANG_ANALYZER_NUMBER_OBJECT_CONVERSION = YES_AGGRESSIVE;
				CLANG_CXX_LANGUAGE_STANDARD = "gnu++14";
				CLANG_CXX_LIBRARY = "libc++";
				CLANG_ENABLE_MODULES = YES;
				CLANG_ENABLE_OBJC_ARC = YES;
				CLANG_ENABLE_OBJC_WEAK = YES;
				CLANG_WARN_BLOCK_CAPTURE_AUTORELEASING = YES;
				CLANG_WARN_BOOL_CONVERSION = YES;
				CLANG_WARN_COMMA = YES;
				CLANG_WARN_CONSTANT_CONVERSION = YES;
				CLANG_WARN_DEPRECATED_OBJC_IMPLEMENTATIONS = YES;
				CLANG_WARN_DIRECT_OBJC_ISA_USAGE = YES_ERROR;
				CLANG_WARN_DOCUMENTATION_COMMENTS = YES;
				CLANG_WARN_EMPTY_BODY = YES;
				CLANG_WARN_ENUM_CONVERSION = YES;
				CLANG_WARN_INFINITE_RECURSION = YES;
				CLANG_WARN_INT_CONVERSION = YES;
				CLANG_WARN_NON_LITERAL_NULL_CONVERSION = YES;
				CLANG_WARN_OBJC_IMPLICIT_RETAIN_SELF = YES;
				CLANG_WARN_OBJC_LITERAL_CONVERSION = YES;
				CLANG_WARN_OBJC_ROOT_CLASS = YES_ERROR;
				CLANG_WARN_QUOTED_INCLUDE_IN_FRAMEWORK_HEADER = YES;
				CLANG_WARN_RANGE_LOOP_ANALYSIS = YES;
				CLANG_WARN_STRICT_PROTOTYPES = YES;
				CLANG_WARN_SUSPICIOUS_MOVE = YES;
				CLANG_WARN_UNGUARDED_AVAILABILITY = YES_AGGRESSIVE;
				CLANG_WARN_UNREACHABLE_CODE = YES;
				CLANG_WARN__DUPLICATE_METHOD_MATCH = YES;
				COPY_PHASE_STRIP = NO;
				DEBUG_INFORMATION_FORMAT = dwarf;
				ENABLE_STRICT_OBJC_MSGSEND = YES;
				ENABLE_TESTABILITY = YES;
				GCC_C_LANGUAGE_STANDARD = gnu11;
				GCC_DYNAMIC_NO_PIC = NO;
				GCC_NO_COMMON_BLOCKS = YES;
				GCC_OPTIMIZATION_LEVEL = 0;
				GCC_PREPROCESSOR_DEFINITIONS = (
					"DEBUG=1",
					"$(inherited)",
				);
				GCC_WARN_64_TO_32_BIT_CONVERSION = YES;
				GCC_WARN_ABOUT_RETURN_TYPE = YES_ERROR;
				GCC_WARN_UNDECLARED_SELECTOR = YES;
				GCC_WARN_UNINITIALIZED_AUTOS = YES_AGGRESSIVE;
				GCC_WARN_UNUSED_FUNCTION = YES;
				GCC_WARN_UNUSED_VARIABLE = YES;
				IPHONEOS_DEPLOYMENT_TARGET = 14.5;
				MTL_ENABLE_DEBUG_INFO = INCLUDE_SOURCE;
				MTL_FAST_MATH = YES;
				ONLY_ACTIVE_ARCH = YES;
				SDKROOT = iphoneos;
				SWIFT_ACTIVE_COMPILATION_CONDITIONS = DEBUG;
				SWIFT_OPTIMIZATION_LEVEL = "-Onone";
			};
			name = Debug;
		};
		B78EB0352690D2E600E839A4 /* Release */ = {
			isa = XCBuildConfiguration;
			buildSettings = {
				ALWAYS_SEARCH_USER_PATHS = NO;
				CLANG_ANALYZER_NONNULL = YES;
				CLANG_ANALYZER_NUMBER_OBJECT_CONVERSION = YES_AGGRESSIVE;
				CLANG_CXX_LANGUAGE_STANDARD = "gnu++14";
				CLANG_CXX_LIBRARY = "libc++";
				CLANG_ENABLE_MODULES = YES;
				CLANG_ENABLE_OBJC_ARC = YES;
				CLANG_ENABLE_OBJC_WEAK = YES;
				CLANG_WARN_BLOCK_CAPTURE_AUTORELEASING = YES;
				CLANG_WARN_BOOL_CONVERSION = YES;
				CLANG_WARN_COMMA = YES;
				CLANG_WARN_CONSTANT_CONVERSION = YES;
				CLANG_WARN_DEPRECATED_OBJC_IMPLEMENTATIONS = YES;
				CLANG_WARN_DIRECT_OBJC_ISA_USAGE = YES_ERROR;
				CLANG_WARN_DOCUMENTATION_COMMENTS = YES;
				CLANG_WARN_EMPTY_BODY = YES;
				CLANG_WARN_ENUM_CONVERSION = YES;
				CLANG_WARN_INFINITE_RECURSION = YES;
				CLANG_WARN_INT_CONVERSION = YES;
				CLANG_WARN_NON_LITERAL_NULL_CONVERSION = YES;
				CLANG_WARN_OBJC_IMPLICIT_RETAIN_SELF = YES;
				CLANG_WARN_OBJC_LITERAL_CONVERSION = YES;
				CLANG_WARN_OBJC_ROOT_CLASS = YES_ERROR;
				CLANG_WARN_QUOTED_INCLUDE_IN_FRAMEWORK_HEADER = YES;
				CLANG_WARN_RANGE_LOOP_ANALYSIS = YES;
				CLANG_WARN_STRICT_PROTOTYPES = YES;
				CLANG_WARN_SUSPICIOUS_MOVE = YES;
				CLANG_WARN_UNGUARDED_AVAILABILITY = YES_AGGRESSIVE;
				CLANG_WARN_UNREACHABLE_CODE = YES;
				CLANG_WARN__DUPLICATE_METHOD_MATCH = YES;
				COPY_PHASE_STRIP = NO;
				DEBUG_INFORMATION_FORMAT = "dwarf-with-dsym";
				ENABLE_NS_ASSERTIONS = NO;
				ENABLE_STRICT_OBJC_MSGSEND = YES;
				GCC_C_LANGUAGE_STANDARD = gnu11;
				GCC_NO_COMMON_BLOCKS = YES;
				GCC_WARN_64_TO_32_BIT_CONVERSION = YES;
				GCC_WARN_ABOUT_RETURN_TYPE = YES_ERROR;
				GCC_WARN_UNDECLARED_SELECTOR = YES;
				GCC_WARN_UNINITIALIZED_AUTOS = YES_AGGRESSIVE;
				GCC_WARN_UNUSED_FUNCTION = YES;
				GCC_WARN_UNUSED_VARIABLE = YES;
				IPHONEOS_DEPLOYMENT_TARGET = 14.5;
				MTL_ENABLE_DEBUG_INFO = NO;
				MTL_FAST_MATH = YES;
				SDKROOT = iphoneos;
				SWIFT_COMPILATION_MODE = wholemodule;
				SWIFT_OPTIMIZATION_LEVEL = "-O";
				VALIDATE_PRODUCT = YES;
			};
			name = Release;
		};
		B78EB0372690D2E600E839A4 /* Debug */ = {
			isa = XCBuildConfiguration;
			buildSettings = {
				ASSETCATALOG_COMPILER_APPICON_NAME = AppIcon;
				ASSETCATALOG_COMPILER_GLOBAL_ACCENT_COLOR_NAME = AccentColor;
				CODE_SIGN_STYLE = Automatic;
				DEVELOPMENT_ASSET_PATHS = "\"receptionApp/Preview Content\"";
				DEVELOPMENT_TEAM = Q6378HF4P6;
				ENABLE_PREVIEWS = YES;
				INFOPLIST_FILE = receptionApp/Info.plist;
				IPHONEOS_DEPLOYMENT_TARGET = 14.0;
				LD_RUNPATH_SEARCH_PATHS = (
					"$(inherited)",
					"@executable_path/Frameworks",
				);
				PRODUCT_BUNDLE_IDENTIFIER = com.sanada.receptionApp;
				PRODUCT_NAME = "$(TARGET_NAME)";
				SWIFT_VERSION = 5.0;
				TARGETED_DEVICE_FAMILY = "1,2";
			};
			name = Debug;
		};
		B78EB0382690D2E600E839A4 /* Release */ = {
			isa = XCBuildConfiguration;
			buildSettings = {
				ASSETCATALOG_COMPILER_APPICON_NAME = AppIcon;
				ASSETCATALOG_COMPILER_GLOBAL_ACCENT_COLOR_NAME = AccentColor;
				CODE_SIGN_STYLE = Automatic;
				DEVELOPMENT_ASSET_PATHS = "\"receptionApp/Preview Content\"";
				DEVELOPMENT_TEAM = Q6378HF4P6;
				ENABLE_PREVIEWS = YES;
				INFOPLIST_FILE = receptionApp/Info.plist;
				IPHONEOS_DEPLOYMENT_TARGET = 14.0;
				LD_RUNPATH_SEARCH_PATHS = (
					"$(inherited)",
					"@executable_path/Frameworks",
				);
				PRODUCT_BUNDLE_IDENTIFIER = com.sanada.receptionApp;
				PRODUCT_NAME = "$(TARGET_NAME)";
				SWIFT_VERSION = 5.0;
				TARGETED_DEVICE_FAMILY = "1,2";
			};
			name = Release;
		};
		B78EB03A2690D2E600E839A4 /* Debug */ = {
			isa = XCBuildConfiguration;
			buildSettings = {
				ALWAYS_EMBED_SWIFT_STANDARD_LIBRARIES = YES;
				BUNDLE_LOADER = "$(TEST_HOST)";
				CODE_SIGN_STYLE = Automatic;
				DEVELOPMENT_TEAM = Q6378HF4P6;
				INFOPLIST_FILE = receptionAppTests/Info.plist;
				IPHONEOS_DEPLOYMENT_TARGET = 14.0;
				LD_RUNPATH_SEARCH_PATHS = (
					"$(inherited)",
					"@executable_path/Frameworks",
					"@loader_path/Frameworks",
				);
				PRODUCT_BUNDLE_IDENTIFIER = com.sanada.receptionAppTests;
				PRODUCT_NAME = "$(TARGET_NAME)";
				SWIFT_VERSION = 5.0;
				TARGETED_DEVICE_FAMILY = "1,2";
				TEST_HOST = "$(BUILT_PRODUCTS_DIR)/receptionApp.app/receptionApp";
			};
			name = Debug;
		};
		B78EB03B2690D2E600E839A4 /* Release */ = {
			isa = XCBuildConfiguration;
			buildSettings = {
				ALWAYS_EMBED_SWIFT_STANDARD_LIBRARIES = YES;
				BUNDLE_LOADER = "$(TEST_HOST)";
				CODE_SIGN_STYLE = Automatic;
				DEVELOPMENT_TEAM = Q6378HF4P6;
				INFOPLIST_FILE = receptionAppTests/Info.plist;
				IPHONEOS_DEPLOYMENT_TARGET = 14.0;
				LD_RUNPATH_SEARCH_PATHS = (
					"$(inherited)",
					"@executable_path/Frameworks",
					"@loader_path/Frameworks",
				);
				PRODUCT_BUNDLE_IDENTIFIER = com.sanada.receptionAppTests;
				PRODUCT_NAME = "$(TARGET_NAME)";
				SWIFT_VERSION = 5.0;
				TARGETED_DEVICE_FAMILY = "1,2";
				TEST_HOST = "$(BUILT_PRODUCTS_DIR)/receptionApp.app/receptionApp";
			};
			name = Release;
		};
		B78EB03D2690D2E600E839A4 /* Debug */ = {
			isa = XCBuildConfiguration;
			buildSettings = {
				ALWAYS_EMBED_SWIFT_STANDARD_LIBRARIES = YES;
				CODE_SIGN_STYLE = Automatic;
				DEVELOPMENT_TEAM = Q6378HF4P6;
				INFOPLIST_FILE = receptionAppUITests/Info.plist;
				LD_RUNPATH_SEARCH_PATHS = (
					"$(inherited)",
					"@executable_path/Frameworks",
					"@loader_path/Frameworks",
				);
				PRODUCT_BUNDLE_IDENTIFIER = com.sanada.receptionAppUITests;
				PRODUCT_NAME = "$(TARGET_NAME)";
				SWIFT_VERSION = 5.0;
				TARGETED_DEVICE_FAMILY = "1,2";
				TEST_TARGET_NAME = receptionApp;
			};
			name = Debug;
		};
		B78EB03E2690D2E600E839A4 /* Release */ = {
			isa = XCBuildConfiguration;
			buildSettings = {
				ALWAYS_EMBED_SWIFT_STANDARD_LIBRARIES = YES;
				CODE_SIGN_STYLE = Automatic;
				DEVELOPMENT_TEAM = Q6378HF4P6;
				INFOPLIST_FILE = receptionAppUITests/Info.plist;
				LD_RUNPATH_SEARCH_PATHS = (
					"$(inherited)",
					"@executable_path/Frameworks",
					"@loader_path/Frameworks",
				);
				PRODUCT_BUNDLE_IDENTIFIER = com.sanada.receptionAppUITests;
				PRODUCT_NAME = "$(TARGET_NAME)";
				SWIFT_VERSION = 5.0;
				TARGETED_DEVICE_FAMILY = "1,2";
				TEST_TARGET_NAME = receptionApp;
			};
			name = Release;
		};
/* End XCBuildConfiguration section */

/* Begin XCConfigurationList section */
		B78EB00C2690D2E200E839A4 /* Build configuration list for PBXProject "receptionApp" */ = {
			isa = XCConfigurationList;
			buildConfigurations = (
				B78EB0342690D2E600E839A4 /* Debug */,
				B78EB0352690D2E600E839A4 /* Release */,
			);
			defaultConfigurationIsVisible = 0;
			defaultConfigurationName = Release;
		};
		B78EB0362690D2E600E839A4 /* Build configuration list for PBXNativeTarget "receptionApp" */ = {
			isa = XCConfigurationList;
			buildConfigurations = (
				B78EB0372690D2E600E839A4 /* Debug */,
				B78EB0382690D2E600E839A4 /* Release */,
			);
			defaultConfigurationIsVisible = 0;
			defaultConfigurationName = Release;
		};
		B78EB0392690D2E600E839A4 /* Build configuration list for PBXNativeTarget "receptionAppTests" */ = {
			isa = XCConfigurationList;
			buildConfigurations = (
				B78EB03A2690D2E600E839A4 /* Debug */,
				B78EB03B2690D2E600E839A4 /* Release */,
			);
			defaultConfigurationIsVisible = 0;
			defaultConfigurationName = Release;
		};
		B78EB03C2690D2E600E839A4 /* Build configuration list for PBXNativeTarget "receptionAppUITests" */ = {
			isa = XCConfigurationList;
			buildConfigurations = (
				B78EB03D2690D2E600E839A4 /* Debug */,
				B78EB03E2690D2E600E839A4 /* Release */,
			);
			defaultConfigurationIsVisible = 0;
			defaultConfigurationName = Release;
		};
/* End XCConfigurationList section */

/* Begin XCRemoteSwiftPackageReference section */
		B78EB04726924F9E00E839A4 /* XCRemoteSwiftPackageReference "APIKit" */ = {
			isa = XCRemoteSwiftPackageReference;
			repositoryURL = "https://github.com/ishkawa/APIKit";
			requirement = {
				kind = upToNextMajorVersion;
				minimumVersion = 5.2.0;
			};
		};
/* End XCRemoteSwiftPackageReference section */

/* Begin XCSwiftPackageProductDependency section */
		B78EB04826924F9E00E839A4 /* APIKit */ = {
			isa = XCSwiftPackageProductDependency;
			package = B78EB04726924F9E00E839A4 /* XCRemoteSwiftPackageReference "APIKit" */;
			productName = APIKit;
		};
/* End XCSwiftPackageProductDependency section */
	};
	rootObject = B78EB0092690D2E200E839A4 /* Project object */;
}
